
Microsoft Visual Studio Solution File, Format Version 12.00
# Visual Studio 14
VisualStudioVersion = 14.0.25123.0
MinimumVisualStudioVersion = 10.0.40219.1
Project("{00D1A9C2-B5F0-4AF3-8072-F6C62B433612}") = "LightStore", "LightStore.sqlproj", "{80840FEE-0557-48AF-A763-6C070855CC48}"
EndProject
Project("{FAE04EC0-301F-11D3-BF4B-00C04F79EFBC}") = "LightStore_Test", "LightStore_Test\LightStore_Test.csproj", "{193ACF87-8D55-4653-987B-649A84B760A8}"
EndProject
Global
	GlobalSection(SolutionConfigurationPlatforms) = preSolution
		Debug|Any CPU = Debug|Any CPU
		Release|Any CPU = Release|Any CPU
	EndGlobalSection
	GlobalSection(ProjectConfigurationPlatforms) = postSolution
		{80840FEE-0557-48AF-A763-6C070855CC48}.Debug|Any CPU.ActiveCfg = Debug|Any CPU
		{80840FEE-0557-48AF-A763-6C070855CC48}.Debug|Any CPU.Build.0 = Debug|Any CPU
		{80840FEE-0557-48AF-A763-6C070855CC48}.Debug|Any CPU.Deploy.0 = Debug|Any CPU
		{80840FEE-0557-48AF-A763-6C070855CC48}.Release|Any CPU.ActiveCfg = Release|Any CPU
		{80840FEE-0557-48AF-A763-6C070855CC48}.Release|Any CPU.Build.0 = Release|Any CPU
		{80840FEE-0557-48AF-A763-6C070855CC48}.Release|Any CPU.Deploy.0 = Release|Any CPU
		{193ACF87-8D55-4653-987B-649A84B760A8}.Debug|Any CPU.ActiveCfg = Debug|Any CPU
		{193ACF87-8D55-4653-987B-649A84B760A8}.Debug|Any CPU.Build.0 = Debug|Any CPU
		{193ACF87-8D55-4653-987B-649A84B760A8}.Release|Any CPU.ActiveCfg = Release|Any CPU
		{193ACF87-8D55-4653-987B-649A84B760A8}.Release|Any CPU.Build.0 = Release|Any CPU
	EndGlobalSection
	GlobalSection(SolutionProperties) = preSolution
		HideSolutionNode = FALSE
	EndGlobalSection
EndGlobal
